
Microsoft Visual Studio Solution File, Format Version 12.00
# Visual Studio 2012
Project("{FAE04EC0-301F-11D3-BF4B-00C04F79EFBC}") = "Dev11_Net45_WebForms", "Dev11_Net45_WebForms\Dev11_Net45_WebForms.csproj", "{082AFE1F-D59A-4697-B88D-8099336DFDED}"
EndProject
Global
	GlobalSection(SolutionConfigurationPlatforms) = preSolution
		Debug|Any CPU = Debug|Any CPU
		Release|Any CPU = Release|Any CPU
	EndGlobalSection
	GlobalSection(ProjectConfigurationPlatforms) = postSolution
		{082AFE1F-D59A-4697-B88D-8099336DFDED}.Debug|Any CPU.ActiveCfg = Debug|Any CPU
		{082AFE1F-D59A-4697-B88D-8099336DFDED}.Debug|Any CPU.Build.0 = Debug|Any CPU
		{082AFE1F-D59A-4697-B88D-8099336DFDED}.Release|Any CPU.ActiveCfg = Release|Any CPU
		{082AFE1F-D59A-4697-B88D-8099336DFDED}.Release|Any CPU.Build.0 = Release|Any CPU
	EndGlobalSection
	GlobalSection(SolutionProperties) = preSolution
		HideSolutionNode = FALSE
	EndGlobalSection
EndGlobal
